
Microsoft Visual Studio Solution File, Format Version 12.00
# Visual Studio Version 17
VisualStudioVersion = 17.0.31903.59
MinimumVisualStudioVersion = 10.0.40219.1
Project("{2150E333-8FDC-42A3-9474-1A3956D46DE8}") = "src", "src", "{827E0CD3-B72D-47B6-A68D-7590B98EB39B}"
EndProject
Project("{FAE04EC0-301F-11D3-BF4B-00C04F79EFBC}") = "33pol.Api", "src\33pol.Api\33pol.Api.csproj", "{87354079-7A9A-49B1-907B-160428D2064A}"
EndProject
Project("{FAE04EC0-301F-11D3-BF4B-00C04F79EFBC}") = "33pol.Core", "src\33pol.Core\33pol.Core.csproj", "{4957E22E-0EB6-460E-B352-FECF7D9EB2DC}"
EndProject
Project("{FAE04EC0-301F-11D3-BF4B-00C04F79EFBC}") = "33pol.App", "src\33pol.App\33pol.App.csproj", "{60D6F160-1911-4C0E-A12B-53B1DC5594A8}"
EndProject
Project("{FAE04EC0-301F-11D3-BF4B-00C04F79EFBC}") = "33pol.Proxy", "src\33pol.Proxy\33pol.Proxy.csproj", "{F9F92348-BA78-4B18-8EC1-EB83DFA12520}"
EndProject
Project("{FAE04EC0-301F-11D3-BF4B-00C04F79EFBC}") = "33pol.Registry", "src\33pol.Registry\33pol.Registry.csproj", "{87E0B262-2829-4849-8EAE-000AAF1856AD}"
EndProject
Project("{FAE04EC0-301F-11D3-BF4B-00C04F79EFBC}") = "33pol.Security", "src\33pol.Security\33pol.Security.csproj", "{3A00B663-5AB5-45FC-9717-D10EAA7C80C5}"
EndProject
Project("{FAE04EC0-301F-11D3-BF4B-00C04F79EFBC}") = "33pol.Persistence", "src\33pol.Persistence\33pol.Persistence.csproj", "{B8F39AAB-CF9E-4957-957C-52322D2C4105}"
EndProject
Project("{FAE04EC0-301F-11D3-BF4B-00C04F79EFBC}") = "33pol.Policy", "src\33pol.Policy\33pol.Policy.csproj", "{517B76A2-3CA4-4B8F-AFB7-693B305CF14C}"
EndProject
Project("{FAE04EC0-301F-11D3-BF4B-00C04F79EFBC}") = "33pol.Observability", "src\33pol.Observability\33pol.Observability.csproj", "{0CCBCEC5-4C1C-4F07-A285-6CE11101CF5E}"
EndProject
Project("{FAE04EC0-301F-11D3-BF4B-00C04F79EFBC}") = "33pol.Billing", "src\33pol.Billing\33pol.Billing.csproj", "{7114E483-5944-4CBE-A882-F3AF10BF9ED5}"
EndProject
Project("{FAE04EC0-301F-11D3-BF4B-00C04F79EFBC}") = "33pol.OperatorConsole", "src\33pol.OperatorConsole\33pol.OperatorConsole.csproj", "{1497A2AD-31A9-4855-AB24-58D2E3C2D321}"
EndProject
Project("{2150E333-8FDC-42A3-9474-1A3956D46DE8}") = "tests", "tests", "{0AB3BF05-4346-4AA6-1389-037BE0695223}"
EndProject
Project("{FAE04EC0-301F-11D3-BF4B-00C04F79EFBC}") = "33pol.Architecture.Tests", "tests\33pol.Architecture.Tests\33pol.Architecture.Tests.csproj", "{6713F276-4A08-4DBD-AB29-0B37EBE8283C}"
EndProject
Project("{FAE04EC0-301F-11D3-BF4B-00C04F79EFBC}") = "33pol.Billing.Tests", "tests\33pol.Billing.Tests\33pol.Billing.Tests.csproj", "{C08B1A09-6575-4830-B253-492D4D5B4E7D}"
EndProject
Project("{FAE04EC0-301F-11D3-BF4B-00C04F79EFBC}") = "33pol.Conformance.Tests", "tests\33pol.Conformance.Tests\33pol.Conformance.Tests.csproj", "{2E9B57AA-1F34-4E01-8602-FE3BBFA582A2}"
EndProject
Project("{FAE04EC0-301F-11D3-BF4B-00C04F79EFBC}") = "33pol.Core.Tests", "tests\33pol.Core.Tests\33pol.Core.Tests.csproj", "{F1AAE0CD-3459-4BAE-ADD0-6659B31185E9}"
EndProject
Project("{FAE04EC0-301F-11D3-BF4B-00C04F79EFBC}") = "33pol.Integration.Tests", "tests\33pol.Integration.Tests\33pol.Integration.Tests.csproj", "{59B12F27-12A5-4FA3-BE70-75E80586F345}"
EndProject
Project("{FAE04EC0-301F-11D3-BF4B-00C04F79EFBC}") = "33pol.Observability.Tests", "tests\33pol.Observability.Tests\33pol.Observability.Tests.csproj", "{3137643F-E72A-4297-AF17-B2F6F3DDCFFA}"
EndProject
Project("{FAE04EC0-301F-11D3-BF4B-00C04F79EFBC}") = "33pol.OperatorConsole.Tests", "tests\33pol.OperatorConsole.Tests\33pol.OperatorConsole.Tests.csproj", "{2699C7C6-45EF-404A-9869-552ADE5396C0}"
EndProject
Project("{FAE04EC0-301F-11D3-BF4B-00C04F79EFBC}") = "33pol.Persistence.Tests", "tests\33pol.Persistence.Tests\33pol.Persistence.Tests.csproj", "{C39803F9-0AF9-4985-BC5A-D7B5228BB67B}"
EndProject
Project("{FAE04EC0-301F-11D3-BF4B-00C04F79EFBC}") = "33pol.Policy.Tests", "tests\33pol.Policy.Tests\33pol.Policy.Tests.csproj", "{C563DFA4-3FEF-4739-82A4-3F574D3140BE}"
EndProject
Project("{FAE04EC0-301F-11D3-BF4B-00C04F79EFBC}") = "33pol.Proxy.Tests", "tests\33pol.Proxy.Tests\33pol.Proxy.Tests.csproj", "{6970EC4A-6FBC-45C0-988A-90B338783A6B}"
EndProject
Project("{FAE04EC0-301F-11D3-BF4B-00C04F79EFBC}") = "33pol.Registry.Tests", "tests\33pol.Registry.Tests\33pol.Registry.Tests.csproj", "{DEEDC194-839A-456E-A14E-1DD9F257EED7}"
EndProject
Project("{FAE04EC0-301F-11D3-BF4B-00C04F79EFBC}") = "33pol.Security.Tests", "tests\33pol.Security.Tests\33pol.Security.Tests.csproj", "{7E8D3EF3-CC0D-44FA-B54A-43A1310C5B17}"
EndProject
Project("{FAE04EC0-301F-11D3-BF4B-00C04F79EFBC}") = "33pol.Api.Tests", "tests\33pol.Api.Tests\33pol.Api.Tests.csproj", "{087CD841-8C7C-402C-BB95-B8B94AD098EB}"
EndProject
Global
	GlobalSection(SolutionConfigurationPlatforms) = preSolution
		Debug|Any CPU = Debug|Any CPU
		Debug|x64 = Debug|x64
		Debug|x86 = Debug|x86
		Release|Any CPU = Release|Any CPU
		Release|x64 = Release|x64
		Release|x86 = Release|x86
	EndGlobalSection
	GlobalSection(ProjectConfigurationPlatforms) = postSolution
		{87354079-7A9A-49B1-907B-160428D2064A}.Debug|Any CPU.ActiveCfg = Debug|Any CPU
		{87354079-7A9A-49B1-907B-160428D2064A}.Debug|Any CPU.Build.0 = Debug|Any CPU
		{87354079-7A9A-49B1-907B-160428D2064A}.Debug|x64.ActiveCfg = Debug|Any CPU
		{87354079-7A9A-49B1-907B-160428D2064A}.Debug|x64.Build.0 = Debug|Any CPU
		{87354079-7A9A-49B1-907B-160428D2064A}.Debug|x86.ActiveCfg = Debug|Any CPU
		{87354079-7A9A-49B1-907B-160428D2064A}.Debug|x86.Build.0 = Debug|Any CPU
		{87354079-7A9A-49B1-907B-160428D2064A}.Release|Any CPU.ActiveCfg = Release|Any CPU
		{87354079-7A9A-49B1-907B-160428D2064A}.Release|Any CPU.Build.0 = Release|Any CPU
		{87354079-7A9A-49B1-907B-160428D2064A}.Release|x64.ActiveCfg = Release|Any CPU
		{87354079-7A9A-49B1-907B-160428D2064A}.Release|x64.Build.0 = Release|Any CPU
		{87354079-7A9A-49B1-907B-160428D2064A}.Release|x86.ActiveCfg = Release|Any CPU
		{87354079-7A9A-49B1-907B-160428D2064A}.Release|x86.Build.0 = Release|Any CPU
		{4957E22E-0EB6-460E-B352-FECF7D9EB2DC}.Debug|Any CPU.ActiveCfg = Debug|Any CPU
		{4957E22E-0EB6-460E-B352-FECF7D9EB2DC}.Debug|Any CPU.Build.0 = Debug|Any CPU
		{4957E22E-0EB6-460E-B352-FECF7D9EB2DC}.Debug|x64.ActiveCfg = Debug|Any CPU
		{4957E22E-0EB6-460E-B352-FECF7D9EB2DC}.Debug|x64.Build.0 = Debug|Any CPU
		{4957E22E-0EB6-460E-B352-FECF7D9EB2DC}.Debug|x86.ActiveCfg = Debug|Any CPU
		{4957E22E-0EB6-460E-B352-FECF7D9EB2DC}.Debug|x86.Build.0 = Debug|Any CPU
		{4957E22E-0EB6-460E-B352-FECF7D9EB2DC}.Release|Any CPU.ActiveCfg = Release|Any CPU
		{4957E22E-0EB6-460E-B352-FECF7D9EB2DC}.Release|Any CPU.Build.0 = Release|Any CPU
		{4957E22E-0EB6-460E-B352-FECF7D9EB2DC}.Release|x64.ActiveCfg = Release|Any CPU
		{4957E22E-0EB6-460E-B352-FECF7D9EB2DC}.Release|x64.Build.0 = Release|Any CPU
		{4957E22E-0EB6-460E-B352-FECF7D9EB2DC}.Release|x86.ActiveCfg = Release|Any CPU
		{4957E22E-0EB6-460E-B352-FECF7D9EB2DC}.Release|x86.Build.0 = Release|Any CPU
		{60D6F160-1911-4C0E-A12B-53B1DC5594A8}.Debug|Any CPU.ActiveCfg = Debug|Any CPU
		{60D6F160-1911-4C0E-A12B-53B1DC5594A8}.Debug|Any CPU.Build.0 = Debug|Any CPU
		{60D6F160-1911-4C0E-A12B-53B1DC5594A8}.Debug|x64.ActiveCfg = Debug|Any CPU
		{60D6F160-1911-4C0E-A12B-53B1DC5594A8}.Debug|x64.Build.0 = Debug|Any CPU
		{60D6F160-1911-4C0E-A12B-53B1DC5594A8}.Debug|x86.ActiveCfg = Debug|Any CPU
		{60D6F160-1911-4C0E-A12B-53B1DC5594A8}.Debug|x86.Build.0 = Debug|Any CPU
		{60D6F160-1911-4C0E-A12B-53B1DC5594A8}.Release|Any CPU.ActiveCfg = Release|Any CPU
		{60D6F160-1911-4C0E-A12B-53B1DC5594A8}.Release|Any CPU.Build.0 = Release|Any CPU
		{60D6F160-1911-4C0E-A12B-53B1DC5594A8}.Release|x64.ActiveCfg = Release|Any CPU
		{60D6F160-1911-4C0E-A12B-53B1DC5594A8}.Release|x64.Build.0 = Release|Any CPU
		{60D6F160-1911-4C0E-A12B-53B1DC5594A8}.Release|x86.ActiveCfg = Release|Any CPU
		{60D6F160-1911-4C0E-A12B-53B1DC5594A8}.Release|x86.Build.0 = Release|Any CPU
		{F9F92348-BA78-4B18-8EC1-EB83DFA12520}.Debug|Any CPU.ActiveCfg = Debug|Any CPU
		{F9F92348-BA78-4B18-8EC1-EB83DFA12520}.Debug|Any CPU.Build.0 = Debug|Any CPU
		{F9F92348-BA78-4B18-8EC1-EB83DFA12520}.Debug|x64.ActiveCfg = Debug|Any CPU
		{F9F92348-BA78-4B18-8EC1-EB83DFA12520}.Debug|x64.Build.0 = Debug|Any CPU
		{F9F92348-BA78-4B18-8EC1-EB83DFA12520}.Debug|x86.ActiveCfg = Debug|Any CPU
		{F9F92348-BA78-4B18-8EC1-EB83DFA12520}.Debug|x86.Build.0 = Debug|Any CPU
		{F9F92348-BA78-4B18-8EC1-EB83DFA12520}.Release|Any CPU.ActiveCfg = Release|Any CPU
		{F9F92348-BA78-4B18-8EC1-EB83DFA12520}.Release|Any CPU.Build.0 = Release|Any CPU
		{F9F92348-BA78-4B18-8EC1-EB83DFA12520}.Release|x64.ActiveCfg = Release|Any CPU
		{F9F92348-BA78-4B18-8EC1-EB83DFA12520}.Release|x64.Build.0 = Release|Any CPU
		{F9F92348-BA78-4B18-8EC1-EB83DFA12520}.Release|x86.ActiveCfg = Release|Any CPU
		{F9F92348-BA78-4B18-8EC1-EB83DFA12520}.Release|x86.Build.0 = Release|Any CPU
		{87E0B262-2829-4849-8EAE-000AAF1856AD}.Debug|Any CPU.ActiveCfg = Debug|Any CPU
		{87E0B262-2829-4849-8EAE-000AAF1856AD}.Debug|Any CPU.Build.0 = Debug|Any CPU
		{87E0B262-2829-4849-8EAE-000AAF1856AD}.Debug|x64.ActiveCfg = Debug|Any CPU
		{87E0B262-2829-4849-8EAE-000AAF1856AD}.Debug|x64.Build.0 = Debug|Any CPU
		{87E0B262-2829-4849-8EAE-000AAF1856AD}.Debug|x86.ActiveCfg = Debug|Any CPU
		{87E0B262-2829-4849-8EAE-000AAF1856AD}.Debug|x86.Build.0 = Debug|Any CPU
		{87E0B262-2829-4849-8EAE-000AAF1856AD}.Release|Any CPU.ActiveCfg = Release|Any CPU
		{87E0B262-2829-4849-8EAE-000AAF1856AD}.Release|Any CPU.Build.0 = Release|Any CPU
		{87E0B262-2829-4849-8EAE-000AAF1856AD}.Release|x64.ActiveCfg = Release|Any CPU
		{87E0B262-2829-4849-8EAE-000AAF1856AD}.Release|x64.Build.0 = Release|Any CPU
		{87E0B262-2829-4849-8EAE-000AAF1856AD}.Release|x86.ActiveCfg = Release|Any CPU
		{87E0B262-2829-4849-8EAE-000AAF1856AD}.Release|x86.Build.0 = Release|Any CPU
		{3A00B663-5AB5-45FC-9717-D10EAA7C80C5}.Debug|Any CPU.ActiveCfg = Debug|Any CPU
		{3A00B663-5AB5-45FC-9717-D10EAA7C80C5}.Debug|Any CPU.Build.0 = Debug|Any CPU
		{3A00B663-5AB5-45FC-9717-D10EAA7C80C5}.Debug|x64.ActiveCfg = Debug|Any CPU
		{3A00B663-5AB5-45FC-9717-D10EAA7C80C5}.Debug|x64.Build.0 = Debug|Any CPU
		{3A00B663-5AB5-45FC-9717-D10EAA7C80C5}.Debug|x86.ActiveCfg = Debug|Any CPU
		{3A00B663-5AB5-45FC-9717-D10EAA7C80C5}.Debug|x86.Build.0 = Debug|Any CPU
		{3A00B663-5AB5-45FC-9717-D10EAA7C80C5}.Release|Any CPU.ActiveCfg = Release|Any CPU
		{3A00B663-5AB5-45FC-9717-D10EAA7C80C5}.Release|Any CPU.Build.0 = Release|Any CPU
		{3A00B663-5AB5-45FC-9717-D10EAA7C80C5}.Release|x64.ActiveCfg = Release|Any CPU
		{3A00B663-5AB5-45FC-9717-D10EAA7C80C5}.Release|x64.Build.0 = Release|Any CPU
		{3A00B663-5AB5-45FC-9717-D10EAA7C80C5}.Release|x86.ActiveCfg = Release|Any CPU
		{3A00B663-5AB5-45FC-9717-D10EAA7C80C5}.Release|x86.Build.0 = Release|Any CPU
		{B8F39AAB-CF9E-4957-957C-52322D2C4105}.Debug|Any CPU.ActiveCfg = Debug|Any CPU
		{B8F39AAB-CF9E-4957-957C-52322D2C4105}.Debug|Any CPU.Build.0 = Debug|Any CPU
		{B8F39AAB-CF9E-4957-957C-52322D2C4105}.Debug|x64.ActiveCfg = Debug|Any CPU
		{B8F39AAB-CF9E-4957-957C-52322D2C4105}.Debug|x64.Build.0 = Debug|Any CPU
		{B8F39AAB-CF9E-4957-957C-52322D2C4105}.Debug|x86.ActiveCfg = Debug|Any CPU
		{B8F39AAB-CF9E-4957-957C-52322D2C4105}.Debug|x86.Build.0 = Debug|Any CPU
		{B8F39AAB-CF9E-4957-957C-52322D2C4105}.Release|Any CPU.ActiveCfg = Release|Any CPU
		{B8F39AAB-CF9E-4957-957C-52322D2C4105}.Release|Any CPU.Build.0 = Release|Any CPU
		{B8F39AAB-CF9E-4957-957C-52322D2C4105}.Release|x64.ActiveCfg = Release|Any CPU
		{B8F39AAB-CF9E-4957-957C-52322D2C4105}.Release|x64.Build.0 = Release|Any CPU
		{B8F39AAB-CF9E-4957-957C-52322D2C4105}.Release|x86.ActiveCfg = Release|Any CPU
		{B8F39AAB-CF9E-4957-957C-52322D2C4105}.Release|x86.Build.0 = Release|Any CPU
		{517B76A2-3CA4-4B8F-AFB7-693B305CF14C}.Debug|Any CPU.ActiveCfg = Debug|Any CPU
		{517B76A2-3CA4-4B8F-AFB7-693B305CF14C}.Debug|Any CPU.Build.0 = Debug|Any CPU
		{517B76A2-3CA4-4B8F-AFB7-693B305CF14C}.Debug|x64.ActiveCfg = Debug|Any CPU
		{517B76A2-3CA4-4B8F-AFB7-693B305CF14C}.Debug|x64.Build.0 = Debug|Any CPU
		{517B76A2-3CA4-4B8F-AFB7-693B305CF14C}.Debug|x86.ActiveCfg = Debug|Any CPU
		{517B76A2-3CA4-4B8F-AFB7-693B305CF14C}.Debug|x86.Build.0 = Debug|Any CPU
		{517B76A2-3CA4-4B8F-AFB7-693B305CF14C}.Release|Any CPU.ActiveCfg = Release|Any CPU
		{517B76A2-3CA4-4B8F-AFB7-693B305CF14C}.Release|Any CPU.Build.0 = Release|Any CPU
		{517B76A2-3CA4-4B8F-AFB7-693B305CF14C}.Release|x64.ActiveCfg = Release|Any CPU
		{517B76A2-3CA4-4B8F-AFB7-693B305CF14C}.Release|x64.Build.0 = Release|Any CPU
		{517B76A2-3CA4-4B8F-AFB7-693B305CF14C}.Release|x86.ActiveCfg = Release|Any CPU
		{517B76A2-3CA4-4B8F-AFB7-693B305CF14C}.Release|x86.Build.0 = Release|Any CPU
		{0CCBCEC5-4C1C-4F07-A285-6CE11101CF5E}.Debug|Any CPU.ActiveCfg = Debug|Any CPU
		{0CCBCEC5-4C1C-4F07-A285-6CE11101CF5E}.Debug|Any CPU.Build.0 = Debug|Any CPU
		{0CCBCEC5-4C1C-4F07-A285-6CE11101CF5E}.Debug|x64.ActiveCfg = Debug|Any CPU
		{0CCBCEC5-4C1C-4F07-A285-6CE11101CF5E}.Debug|x64.Build.0 = Debug|Any CPU
		{0CCBCEC5-4C1C-4F07-A285-6CE11101CF5E}.Debug|x86.ActiveCfg = Debug|Any CPU
		{0CCBCEC5-4C1C-4F07-A285-6CE11101CF5E}.Debug|x86.Build.0 = Debug|Any CPU
		{0CCBCEC5-4C1C-4F07-A285-6CE11101CF5E}.Release|Any CPU.ActiveCfg = Release|Any CPU
		{0CCBCEC5-4C1C-4F07-A285-6CE11101CF5E}.Release|Any CPU.Build.0 = Release|Any CPU
		{0CCBCEC5-4C1C-4F07-A285-6CE11101CF5E}.Release|x64.ActiveCfg = Release|Any CPU
		{0CCBCEC5-4C1C-4F07-A285-6CE11101CF5E}.Release|x64.Build.0 = Release|Any CPU
		{0CCBCEC5-4C1C-4F07-A285-6CE11101CF5E}.Release|x86.ActiveCfg = Release|Any CPU
		{0CCBCEC5-4C1C-4F07-A285-6CE11101CF5E}.Release|x86.Build.0 = Release|Any CPU
		{7114E483-5944-4CBE-A882-F3AF10BF9ED5}.Debug|Any CPU.ActiveCfg = Debug|Any CPU
		{7114E483-5944-4CBE-A882-F3AF10BF9ED5}.Debug|Any CPU.Build.0 = Debug|Any CPU
		{7114E483-5944-4CBE-A882-F3AF10BF9ED5}.Debug|x64.ActiveCfg = Debug|Any CPU
		{7114E483-5944-4CBE-A882-F3AF10BF9ED5}.Debug|x64.Build.0 = Debug|Any CPU
		{7114E483-5944-4CBE-A882-F3AF10BF9ED5}.Debug|x86.ActiveCfg = Debug|Any CPU
		{7114E483-5944-4CBE-A882-F3AF10BF9ED5}.Debug|x86.Build.0 = Debug|Any CPU
		{7114E483-5944-4CBE-A882-F3AF10BF9ED5}.Release|Any CPU.ActiveCfg = Release|Any CPU
		{7114E483-5944-4CBE-A882-F3AF10BF9ED5}.Release|Any CPU.Build.0 = Release|Any CPU
		{7114E483-5944-4CBE-A882-F3AF10BF9ED5}.Release|x64.ActiveCfg = Release|Any CPU
		{7114E483-5944-4CBE-A882-F3AF10BF9ED5}.Release|x64.Build.0 = Release|Any CPU
		{7114E483-5944-4CBE-A882-F3AF10BF9ED5}.Release|x86.ActiveCfg = Release|Any CPU
		{7114E483-5944-4CBE-A882-F3AF10BF9ED5}.Release|x86.Build.0 = Release|Any CPU
		{1497A2AD-31A9-4855-AB24-58D2E3C2D321}.Debug|Any CPU.ActiveCfg = Debug|Any CPU
		{1497A2AD-31A9-4855-AB24-58D2E3C2D321}.Debug|Any CPU.Build.0 = Debug|Any CPU
		{1497A2AD-31A9-4855-AB24-58D2E3C2D321}.Debug|x64.ActiveCfg = Debug|Any CPU
		{1497A2AD-31A9-4855-AB24-58D2E3C2D321}.Debug|x64.Build.0 = Debug|Any CPU
		{1497A2AD-31A9-4855-AB24-58D2E3C2D321}.Debug|x86.ActiveCfg = Debug|Any CPU
		{1497A2AD-31A9-4855-AB24-58D2E3C2D321}.Debug|x86.Build.0 = Debug|Any CPU
		{1497A2AD-31A9-4855-AB24-58D2E3C2D321}.Release|Any CPU.ActiveCfg = Release|Any CPU
		{1497A2AD-31A9-4855-AB24-58D2E3C2D321}.Release|Any CPU.Build.0 = Release|Any CPU
		{1497A2AD-31A9-4855-AB24-58D2E3C2D321}.Release|x64.ActiveCfg = Release|Any CPU
		{1497A2AD-31A9-4855-AB24-58D2E3C2D321}.Release|x64.Build.0 = Release|Any CPU
		{1497A2AD-31A9-4855-AB24-58D2E3C2D321}.Release|x86.ActiveCfg = Release|Any CPU
		{1497A2AD-31A9-4855-AB24-58D2E3C2D321}.Release|x86.Build.0 = Release|Any CPU
		{6713F276-4A08-4DBD-AB29-0B37EBE8283C}.Debug|Any CPU.ActiveCfg = Debug|Any CPU
		{6713F276-4A08-4DBD-AB29-0B37EBE8283C}.Debug|Any CPU.Build.0 = Debug|Any CPU
		{6713F276-4A08-4DBD-AB29-0B37EBE8283C}.Debug|x64.ActiveCfg = Debug|Any CPU
		{6713F276-4A08-4DBD-AB29-0B37EBE8283C}.Debug|x64.Build.0 = Debug|Any CPU
		{6713F276-4A08-4DBD-AB29-0B37EBE8283C}.Debug|x86.ActiveCfg = Debug|Any CPU
		{6713F276-4A08-4DBD-AB29-0B37EBE8283C}.Debug|x86.Build.0 = Debug|Any CPU
		{6713F276-4A08-4DBD-AB29-0B37EBE8283C}.Release|Any CPU.ActiveCfg = Release|Any CPU
		{6713F276-4A08-4DBD-AB29-0B37EBE8283C}.Release|Any CPU.Build.0 = Release|Any CPU
		{6713F276-4A08-4DBD-AB29-0B37EBE8283C}.Release|x64.ActiveCfg = Release|Any CPU
		{6713F276-4A08-4DBD-AB29-0B37EBE8283C}.Release|x64.Build.0 = Release|Any CPU
		{6713F276-4A08-4DBD-AB29-0B37EBE8283C}.Release|x86.ActiveCfg = Release|Any CPU
		{6713F276-4A08-4DBD-AB29-0B37EBE8283C}.Release|x86.Build.0 = Release|Any CPU
		{C08B1A09-6575-4830-B253-492D4D5B4E7D}.Debug|Any CPU.ActiveCfg = Debug|Any CPU
		{C08B1A09-6575-4830-B253-492D4D5B4E7D}.Debug|Any CPU.Build.0 = Debug|Any CPU
		{C08B1A09-6575-4830-B253-492D4D5B4E7D}.Debug|x64.ActiveCfg = Debug|Any CPU
		{C08B1A09-6575-4830-B253-492D4D5B4E7D}.Debug|x64.Build.0 = Debug|Any CPU
		{C08B1A09-6575-4830-B253-492D4D5B4E7D}.Debug|x86.ActiveCfg = Debug|Any CPU
		{C08B1A09-6575-4830-B253-492D4D5B4E7D}.Debug|x86.Build.0 = Debug|Any CPU
		{C08B1A09-6575-4830-B253-492D4D5B4E7D}.Release|Any CPU.ActiveCfg = Release|Any CPU
		{C08B1A09-6575-4830-B253-492D4D5B4E7D}.Release|Any CPU.Build.0 = Release|Any CPU
		{C08B1A09-6575-4830-B253-492D4D5B4E7D}.Release|x64.ActiveCfg = Release|Any CPU
		{C08B1A09-6575-4830-B253-492D4D5B4E7D}.Release|x64.Build.0 = Release|Any CPU
		{C08B1A09-6575-4830-B253-492D4D5B4E7D}.Release|x86.ActiveCfg = Release|Any CPU
		{C08B1A09-6575-4830-B253-492D4D5B4E7D}.Release|x86.Build.0 = Release|Any CPU
		{2E9B57AA-1F34-4E01-8602-FE3BBFA582A2}.Debug|Any CPU.ActiveCfg = Debug|Any CPU
		{2E9B57AA-1F34-4E01-8602-FE3BBFA582A2}.Debug|Any CPU.Build.0 = Debug|Any CPU
		{2E9B57AA-1F34-4E01-8602-FE3BBFA582A2}.Debug|x64.ActiveCfg = Debug|Any CPU
		{2E9B57AA-1F34-4E01-8602-FE3BBFA582A2}.Debug|x64.Build.0 = Debug|Any CPU
		{2E9B57AA-1F34-4E01-8602-FE3BBFA582A2}.Debug|x86.ActiveCfg = Debug|Any CPU
		{2E9B57AA-1F34-4E01-8602-FE3BBFA582A2}.Debug|x86.Build.0 = Debug|Any CPU
		{2E9B57AA-1F34-4E01-8602-FE3BBFA582A2}.Release|Any CPU.ActiveCfg = Release|Any CPU
		{2E9B57AA-1F34-4E01-8602-FE3BBFA582A2}.Release|Any CPU.Build.0 = Release|Any CPU
		{2E9B57AA-1F34-4E01-8602-FE3BBFA582A2}.Release|x64.ActiveCfg = Release|Any CPU
		{2E9B57AA-1F34-4E01-8602-FE3BBFA582A2}.Release|x64.Build.0 = Release|Any CPU
		{2E9B57AA-1F34-4E01-8602-FE3BBFA582A2}.Release|x86.ActiveCfg = Release|Any CPU
		{2E9B57AA-1F34-4E01-8602-FE3BBFA582A2}.Release|x86.Build.0 = Release|Any CPU
		{F1AAE0CD-3459-4BAE-ADD0-6659B31185E9}.Debug|Any CPU.ActiveCfg = Debug|Any CPU
		{F1AAE0CD-3459-4BAE-ADD0-6659B31185E9}.Debug|Any CPU.Build.0 = Debug|Any CPU
		{F1AAE0CD-3459-4BAE-ADD0-6659B31185E9}.Debug|x64.ActiveCfg = Debug|Any CPU
		{F1AAE0CD-3459-4BAE-ADD0-6659B31185E9}.Debug|x64.Build.0 = Debug|Any CPU
		{F1AAE0CD-3459-4BAE-ADD0-6659B31185E9}.Debug|x86.ActiveCfg = Debug|Any CPU
		{F1AAE0CD-3459-4BAE-ADD0-6659B31185E9}.Debug|x86.Build.0 = Debug|Any CPU
		{F1AAE0CD-3459-4BAE-ADD0-6659B31185E9}.Release|Any CPU.ActiveCfg = Release|Any CPU
		{F1AAE0CD-3459-4BAE-ADD0-6659B31185E9}.Release|Any CPU.Build.0 = Release|Any CPU
		{F1AAE0CD-3459-4BAE-ADD0-6659B31185E9}.Release|x64.ActiveCfg = Release|Any CPU
		{F1AAE0CD-3459-4BAE-ADD0-6659B31185E9}.Release|x64.Build.0 = Release|Any CPU
		{F1AAE0CD-3459-4BAE-ADD0-6659B31185E9}.Release|x86.ActiveCfg = Release|Any CPU
		{F1AAE0CD-3459-4BAE-ADD0-6659B31185E9}.Release|x86.Build.0 = Release|Any CPU
		{59B12F27-12A5-4FA3-BE70-75E80586F345}.Debug|Any CPU.ActiveCfg = Debug|Any CPU
		{59B12F27-12A5-4FA3-BE70-75E80586F345}.Debug|Any CPU.Build.0 = Debug|Any CPU
		{59B12F27-12A5-4FA3-BE70-75E80586F345}.Debug|x64.ActiveCfg = Debug|Any CPU
		{59B12F27-12A5-4FA3-BE70-75E80586F345}.Debug|x64.Build.0 = Debug|Any CPU
		{59B12F27-12A5-4FA3-BE70-75E80586F345}.Debug|x86.ActiveCfg = Debug|Any CPU
		{59B12F27-12A5-4FA3-BE70-75E80586F345}.Debug|x86.Build.0 = Debug|Any CPU
		{59B12F27-12A5-4FA3-BE70-75E80586F345}.Release|Any CPU.ActiveCfg = Release|Any CPU
		{59B12F27-12A5-4FA3-BE70-75E80586F345}.Release|Any CPU.Build.0 = Release|Any CPU
		{59B12F27-12A5-4FA3-BE70-75E80586F345}.Release|x64.ActiveCfg = Release|Any CPU
		{59B12F27-12A5-4FA3-BE70-75E80586F345}.Release|x64.Build.0 = Release|Any CPU
		{59B12F27-12A5-4FA3-BE70-75E80586F345}.Release|x86.ActiveCfg = Release|Any CPU
		{59B12F27-12A5-4FA3-BE70-75E80586F345}.Release|x86.Build.0 = Release|Any CPU
		{3137643F-E72A-4297-AF17-B2F6F3DDCFFA}.Debug|Any CPU.ActiveCfg = Debug|Any CPU
		{3137643F-E72A-4297-AF17-B2F6F3DDCFFA}.Debug|Any CPU.Build.0 = Debug|Any CPU
		{3137643F-E72A-4297-AF17-B2F6F3DDCFFA}.Debug|x64.ActiveCfg = Debug|Any CPU
		{3137643F-E72A-4297-AF17-B2F6F3DDCFFA}.Debug|x64.Build.0 = Debug|Any CPU
		{3137643F-E72A-4297-AF17-B2F6F3DDCFFA}.Debug|x86.ActiveCfg = Debug|Any CPU
		{3137643F-E72A-4297-AF17-B2F6F3DDCFFA}.Debug|x86.Build.0 = Debug|Any CPU
		{3137643F-E72A-4297-AF17-B2F6F3DDCFFA}.Release|Any CPU.ActiveCfg = Release|Any CPU
		{3137643F-E72A-4297-AF17-B2F6F3DDCFFA}.Release|Any CPU.Build.0 = Release|Any CPU
		{3137643F-E72A-4297-AF17-B2F6F3DDCFFA}.Release|x64.ActiveCfg = Release|Any CPU
		{3137643F-E72A-4297-AF17-B2F6F3DDCFFA}.Release|x64.Build.0 = Release|Any CPU
		{3137643F-E72A-4297-AF17-B2F6F3DDCFFA}.Release|x86.ActiveCfg = Release|Any CPU
		{3137643F-E72A-4297-AF17-B2F6F3DDCFFA}.Release|x86.Build.0 = Release|Any CPU
		{2699C7C6-45EF-404A-9869-552ADE5396C0}.Debug|Any CPU.ActiveCfg = Debug|Any CPU
		{2699C7C6-45EF-404A-9869-552ADE5396C0}.Debug|Any CPU.Build.0 = Debug|Any CPU
		{2699C7C6-45EF-404A-9869-552ADE5396C0}.Debug|x64.ActiveCfg = Debug|Any CPU
		{2699C7C6-45EF-404A-9869-552ADE5396C0}.Debug|x64.Build.0 = Debug|Any CPU
		{2699C7C6-45EF-404A-9869-552ADE5396C0}.Debug|x86.ActiveCfg = Debug|Any CPU
		{2699C7C6-45EF-404A-9869-552ADE5396C0}.Debug|x86.Build.0 = Debug|Any CPU
		{2699C7C6-45EF-404A-9869-552ADE5396C0}.Release|Any CPU.ActiveCfg = Release|Any CPU
		{2699C7C6-45EF-404A-9869-552ADE5396C0}.Release|Any CPU.Build.0 = Release|Any CPU
		{2699C7C6-45EF-404A-9869-552ADE5396C0}.Release|x64.ActiveCfg = Release|Any CPU
		{2699C7C6-45EF-404A-9869-552ADE5396C0}.Release|x64.Build.0 = Release|Any CPU
		{2699C7C6-45EF-404A-9869-552ADE5396C0}.Release|x86.ActiveCfg = Release|Any CPU
		{2699C7C6-45EF-404A-9869-552ADE5396C0}.Release|x86.Build.0 = Release|Any CPU
		{C39803F9-0AF9-4985-BC5A-D7B5228BB67B}.Debug|Any CPU.ActiveCfg = Debug|Any CPU
		{C39803F9-0AF9-4985-BC5A-D7B5228BB67B}.Debug|Any CPU.Build.0 = Debug|Any CPU
		{C39803F9-0AF9-4985-BC5A-D7B5228BB67B}.Debug|x64.ActiveCfg = Debug|Any CPU
		{C39803F9-0AF9-4985-BC5A-D7B5228BB67B}.Debug|x64.Build.0 = Debug|Any CPU
		{C39803F9-0AF9-4985-BC5A-D7B5228BB67B}.Debug|x86.ActiveCfg = Debug|Any CPU
		{C39803F9-0AF9-4985-BC5A-D7B5228BB67B}.Debug|x86.Build.0 = Debug|Any CPU
		{C39803F9-0AF9-4985-BC5A-D7B5228BB67B}.Release|Any CPU.ActiveCfg = Release|Any CPU
		{C39803F9-0AF9-4985-BC5A-D7B5228BB67B}.Release|Any CPU.Build.0 = Release|Any CPU
		{C39803F9-0AF9-4985-BC5A-D7B5228BB67B}.Release|x64.ActiveCfg = Release|Any CPU
		{C39803F9-0AF9-4985-BC5A-D7B5228BB67B}.Release|x64.Build.0 = Release|Any CPU
		{C39803F9-0AF9-4985-BC5A-D7B5228BB67B}.Release|x86.ActiveCfg = Release|Any CPU
		{C39803F9-0AF9-4985-BC5A-D7B5228BB67B}.Release|x86.Build.0 = Release|Any CPU
		{C563DFA4-3FEF-4739-82A4-3F574D3140BE}.Debug|Any CPU.ActiveCfg = Debug|Any CPU
		{C563DFA4-3FEF-4739-82A4-3F574D3140BE}.Debug|Any CPU.Build.0 = Debug|Any CPU
		{C563DFA4-3FEF-4739-82A4-3F574D3140BE}.Debug|x64.ActiveCfg = Debug|Any CPU
		{C563DFA4-3FEF-4739-82A4-3F574D3140BE}.Debug|x64.Build.0 = Debug|Any CPU
		{C563DFA4-3FEF-4739-82A4-3F574D3140BE}.Debug|x86.ActiveCfg = Debug|Any CPU
		{C563DFA4-3FEF-4739-82A4-3F574D3140BE}.Debug|x86.Build.0 = Debug|Any CPU
		{C563DFA4-3FEF-4739-82A4-3F574D3140BE}.Release|Any CPU.ActiveCfg = Release|Any CPU
		{C563DFA4-3FEF-4739-82A4-3F574D3140BE}.Release|Any CPU.Build.0 = Release|Any CPU
		{C563DFA4-3FEF-4739-82A4-3F574D3140BE}.Release|x64.ActiveCfg = Release|Any CPU
		{C563DFA4-3FEF-4739-82A4-3F574D3140BE}.Release|x64.Build.0 = Release|Any CPU
		{C563DFA4-3FEF-4739-82A4-3F574D3140BE}.Release|x86.ActiveCfg = Release|Any CPU
		{C563DFA4-3FEF-4739-82A4-3F574D3140BE}.Release|x86.Build.0 = Release|Any CPU
		{6970EC4A-6FBC-45C0-988A-90B338783A6B}.Debug|Any CPU.ActiveCfg = Debug|Any CPU
		{6970EC4A-6FBC-45C0-988A-90B338783A6B}.Debug|Any CPU.Build.0 = Debug|Any CPU
		{6970EC4A-6FBC-45C0-988A-90B338783A6B}.Debug|x64.ActiveCfg = Debug|Any CPU
		{6970EC4A-6FBC-45C0-988A-90B338783A6B}.Debug|x64.Build.0 = Debug|Any CPU
		{6970EC4A-6FBC-45C0-988A-90B338783A6B}.Debug|x86.ActiveCfg = Debug|Any CPU
		{6970EC4A-6FBC-45C0-988A-90B338783A6B}.Debug|x86.Build.0 = Debug|Any CPU
		{6970EC4A-6FBC-45C0-988A-90B338783A6B}.Release|Any CPU.ActiveCfg = Release|Any CPU
		{6970EC4A-6FBC-45C0-988A-90B338783A6B}.Release|Any CPU.Build.0 = Release|Any CPU
		{6970EC4A-6FBC-45C0-988A-90B338783A6B}.Release|x64.ActiveCfg = Release|Any CPU
		{6970EC4A-6FBC-45C0-988A-90B338783A6B}.Release|x64.Build.0 = Release|Any CPU
		{6970EC4A-6FBC-45C0-988A-90B338783A6B}.Release|x86.ActiveCfg = Release|Any CPU
		{6970EC4A-6FBC-45C0-988A-90B338783A6B}.Release|x86.Build.0 = Release|Any CPU
		{DEEDC194-839A-456E-A14E-1DD9F257EED7}.Debug|Any CPU.ActiveCfg = Debug|Any CPU
		{DEEDC194-839A-456E-A14E-1DD9F257EED7}.Debug|Any CPU.Build.0 = Debug|Any CPU
		{DEEDC194-839A-456E-A14E-1DD9F257EED7}.Debug|x64.ActiveCfg = Debug|Any CPU
		{DEEDC194-839A-456E-A14E-1DD9F257EED7}.Debug|x64.Build.0 = Debug|Any CPU
		{DEEDC194-839A-456E-A14E-1DD9F257EED7}.Debug|x86.ActiveCfg = Debug|Any CPU
		{DEEDC194-839A-456E-A14E-1DD9F257EED7}.Debug|x86.Build.0 = Debug|Any CPU
		{DEEDC194-839A-456E-A14E-1DD9F257EED7}.Release|Any CPU.ActiveCfg = Release|Any CPU
		{DEEDC194-839A-456E-A14E-1DD9F257EED7}.Release|Any CPU.Build.0 = Release|Any CPU
		{DEEDC194-839A-456E-A14E-1DD9F257EED7}.Release|x64.ActiveCfg = Release|Any CPU
		{DEEDC194-839A-456E-A14E-1DD9F257EED7}.Release|x64.Build.0 = Release|Any CPU
		{DEEDC194-839A-456E-A14E-1DD9F257EED7}.Release|x86.ActiveCfg = Release|Any CPU
		{DEEDC194-839A-456E-A14E-1DD9F257EED7}.Release|x86.Build.0 = Release|Any CPU
		{7E8D3EF3-CC0D-44FA-B54A-43A1310C5B17}.Debug|Any CPU.ActiveCfg = Debug|Any CPU
		{7E8D3EF3-CC0D-44FA-B54A-43A1310C5B17}.Debug|Any CPU.Build.0 = Debug|Any CPU
		{7E8D3EF3-CC0D-44FA-B54A-43A1310C5B17}.Debug|x64.ActiveCfg = Debug|Any CPU
		{7E8D3EF3-CC0D-44FA-B54A-43A1310C5B17}.Debug|x64.Build.0 = Debug|Any CPU
		{7E8D3EF3-CC0D-44FA-B54A-43A1310C5B17}.Debug|x86.ActiveCfg = Debug|Any CPU
		{7E8D3EF3-CC0D-44FA-B54A-43A1310C5B17}.Debug|x86.Build.0 = Debug|Any CPU
		{7E8D3EF3-CC0D-44FA-B54A-43A1310C5B17}.Release|Any CPU.ActiveCfg = Release|Any CPU
		{7E8D3EF3-CC0D-44FA-B54A-43A1310C5B17}.Release|Any CPU.Build.0 = Release|Any CPU
		{7E8D3EF3-CC0D-44FA-B54A-43A1310C5B17}.Release|x64.ActiveCfg = Release|Any CPU
		{7E8D3EF3-CC0D-44FA-B54A-43A1310C5B17}.Release|x64.Build.0 = Release|Any CPU
		{7E8D3EF3-CC0D-44FA-B54A-43A1310C5B17}.Release|x86.ActiveCfg = Release|Any CPU
		{7E8D3EF3-CC0D-44FA-B54A-43A1310C5B17}.Release|x86.Build.0 = Release|Any CPU
		{087CD841-8C7C-402C-BB95-B8B94AD098EB}.Debug|Any CPU.ActiveCfg = Debug|Any CPU
		{087CD841-8C7C-402C-BB95-B8B94AD098EB}.Debug|Any CPU.Build.0 = Debug|Any CPU
		{087CD841-8C7C-402C-BB95-B8B94AD098EB}.Debug|x64.ActiveCfg = Debug|Any CPU
		{087CD841-8C7C-402C-BB95-B8B94AD098EB}.Debug|x64.Build.0 = Debug|Any CPU
		{087CD841-8C7C-402C-BB95-B8B94AD098EB}.Debug|x86.ActiveCfg = Debug|Any CPU
		{087CD841-8C7C-402C-BB95-B8B94AD098EB}.Debug|x86.Build.0 = Debug|Any CPU
		{087CD841-8C7C-402C-BB95-B8B94AD098EB}.Release|Any CPU.ActiveCfg = Release|Any CPU
		{087CD841-8C7C-402C-BB95-B8B94AD098EB}.Release|Any CPU.Build.0 = Release|Any CPU
		{087CD841-8C7C-402C-BB95-B8B94AD098EB}.Release|x64.ActiveCfg = Release|Any CPU
		{087CD841-8C7C-402C-BB95-B8B94AD098EB}.Release|x64.Build.0 = Release|Any CPU
		{087CD841-8C7C-402C-BB95-B8B94AD098EB}.Release|x86.ActiveCfg = Release|Any CPU
		{087CD841-8C7C-402C-BB95-B8B94AD098EB}.Release|x86.Build.0 = Release|Any CPU
	EndGlobalSection
	GlobalSection(SolutionProperties) = preSolution
		HideSolutionNode = FALSE
	EndGlobalSection
	GlobalSection(NestedProjects) = preSolution
		{87354079-7A9A-49B1-907B-160428D2064A} = {827E0CD3-B72D-47B6-A68D-7590B98EB39B}
		{4957E22E-0EB6-460E-B352-FECF7D9EB2DC} = {827E0CD3-B72D-47B6-A68D-7590B98EB39B}
		{60D6F160-1911-4C0E-A12B-53B1DC5594A8} = {827E0CD3-B72D-47B6-A68D-7590B98EB39B}
		{F9F92348-BA78-4B18-8EC1-EB83DFA12520} = {827E0CD3-B72D-47B6-A68D-7590B98EB39B}
		{87E0B262-2829-4849-8EAE-000AAF1856AD} = {827E0CD3-B72D-47B6-A68D-7590B98EB39B}
		{3A00B663-5AB5-45FC-9717-D10EAA7C80C5} = {827E0CD3-B72D-47B6-A68D-7590B98EB39B}
		{B8F39AAB-CF9E-4957-957C-52322D2C4105} = {827E0CD3-B72D-47B6-A68D-7590B98EB39B}
		{517B76A2-3CA4-4B8F-AFB7-693B305CF14C} = {827E0CD3-B72D-47B6-A68D-7590B98EB39B}
		{0CCBCEC5-4C1C-4F07-A285-6CE11101CF5E} = {827E0CD3-B72D-47B6-A68D-7590B98EB39B}
		{7114E483-5944-4CBE-A882-F3AF10BF9ED5} = {827E0CD3-B72D-47B6-A68D-7590B98EB39B}
		{1497A2AD-31A9-4855-AB24-58D2E3C2D321} = {827E0CD3-B72D-47B6-A68D-7590B98EB39B}
		{6713F276-4A08-4DBD-AB29-0B37EBE8283C} = {0AB3BF05-4346-4AA6-1389-037BE0695223}
		{C08B1A09-6575-4830-B253-492D4D5B4E7D} = {0AB3BF05-4346-4AA6-1389-037BE0695223}
		{2E9B57AA-1F34-4E01-8602-FE3BBFA582A2} = {0AB3BF05-4346-4AA6-1389-037BE0695223}
		{F1AAE0CD-3459-4BAE-ADD0-6659B31185E9} = {0AB3BF05-4346-4AA6-1389-037BE0695223}
		{59B12F27-12A5-4FA3-BE70-75E80586F345} = {0AB3BF05-4346-4AA6-1389-037BE0695223}
		{3137643F-E72A-4297-AF17-B2F6F3DDCFFA} = {0AB3BF05-4346-4AA6-1389-037BE0695223}
		{2699C7C6-45EF-404A-9869-552ADE5396C0} = {0AB3BF05-4346-4AA6-1389-037BE0695223}
		{C39803F9-0AF9-4985-BC5A-D7B5228BB67B} = {0AB3BF05-4346-4AA6-1389-037BE0695223}
		{C563DFA4-3FEF-4739-82A4-3F574D3140BE} = {0AB3BF05-4346-4AA6-1389-037BE0695223}
		{6970EC4A-6FBC-45C0-988A-90B338783A6B} = {0AB3BF05-4346-4AA6-1389-037BE0695223}
		{DEEDC194-839A-456E-A14E-1DD9F257EED7} = {0AB3BF05-4346-4AA6-1389-037BE0695223}
		{7E8D3EF3-CC0D-44FA-B54A-43A1310C5B17} = {0AB3BF05-4346-4AA6-1389-037BE0695223}
		{087CD841-8C7C-402C-BB95-B8B94AD098EB} = {0AB3BF05-4346-4AA6-1389-037BE0695223}
	EndGlobalSection
EndGlobal
